{
  "version": 4,
  "terraform_version": "1.5.7",
  "serial": 17,
  "lineage": "80da757e-5b98-7b44-c8b2-6332c7b2ef88",
  "outputs": {
    "secret_names": {
      "value": [
        "projects/1081847295072/secrets/gemini_api_key",
        "projects/1081847295072/secrets/aggregator_prompt",
        "projects/1081847295072/secrets/oss_purist_prompt",
        "projects/1081847295072/secrets/tech_architect_prompt",
        "projects/1081847295072/secrets/trend_watcher_prompt",
        "projects/1081847295072/secrets/vc_strategist_prompt"
      ],
      "type": [
        "tuple",
        [
          "string",
          "string",
          "string",
          "string",
          "string",
          "string"
        ]
      ]
    }
  },
  "resources": [
    {
      "mode": "managed",
      "type": "google_app_engine_application",
      "name": "app",
      "provider": "provider[\"registry.terraform.io/hashicorp/google\"]",
      "instances": [
        {
          "schema_version": 0,
          "attributes": {
            "app_id": "oss-insights-analyst",
            "auth_domain": "gmail.com",
            "code_bucket": "staging.oss-insights-analyst.appspot.com",
            "database_type": "CLOUD_DATASTORE_COMPATIBILITY",
            "default_bucket": "oss-insights-analyst.appspot.com",
            "default_hostname": "oss-insights-analyst.uc.r.appspot.com",
            "feature_settings": [
              {
                "split_health_checks": true
              }
            ],
            "gcr_domain": "us.gcr.io",
            "iap": [],
            "id": "oss-insights-analyst",
            "location_id": "us-central",
            "name": "apps/oss-insights-analyst",
            "project": "oss-insights-analyst",
            "serving_status": "SERVING",
            "timeouts": null,
            "url_dispatch_rule": []
          },
          "sensitive_attributes": [],
          "private": "eyJlMmJmYjczMC1lY2FhLTExZTYtOGY4OC0zNDM2M2JjN2M0YzAiOnsiY3JlYXRlIjoyNDAwMDAwMDAwMDAsInVwZGF0ZSI6MjQwMDAwMDAwMDAwfSwic2NoZW1hX3ZlcnNpb24iOiIwIn0="
        }
      ]
    },
    {
      "mode": "managed",
      "type": "google_secret_manager_secret",
      "name": "agent_prompts",
      "provider": "provider[\"registry.terraform.io/hashicorp/google\"]",
      "instances": [
        {
          "index_key": "aggregator_prompt",
          "schema_version": 0,
          "attributes": {
            "annotations": null,
            "create_time": "2025-04-08T19:36:47.240782Z",
            "effective_annotations": {},
            "effective_labels": {
              "goog-terraform-provisioned": "true"
            },
            "expire_time": "",
            "id": "projects/oss-insights-analyst/secrets/aggregator_prompt",
            "labels": null,
            "name": "projects/1081847295072/secrets/aggregator_prompt",
            "project": "oss-insights-analyst",
            "replication": [
              {
                "auto": [],
                "user_managed": [
                  {
                    "replicas": [
                      {
                        "customer_managed_encryption": [],
                        "location": "us-central1"
                      }
                    ]
                  }
                ]
              }
            ],
            "rotation": [],
            "secret_id": "aggregator_prompt",
            "terraform_labels": {
              "goog-terraform-provisioned": "true"
            },
            "timeouts": null,
            "topics": [],
            "ttl": null,
            "version_aliases": null,
            "version_destroy_ttl": ""
          },
          "sensitive_attributes": [],
          "private": "eyJlMmJmYjczMC1lY2FhLTExZTYtOGY4OC0zNDM2M2JjN2M0YzAiOnsiY3JlYXRlIjoxMjAwMDAwMDAwMDAwLCJkZWxldGUiOjEyMDAwMDAwMDAwMDAsInVwZGF0ZSI6MTIwMDAwMDAwMDAwMH19"
        },
        {
          "index_key": "oss_purist_prompt",
          "schema_version": 0,
          "attributes": {
            "annotations": null,
            "create_time": "2025-04-08T19:36:47.183770Z",
            "effective_annotations": {},
            "effective_labels": {
              "goog-terraform-provisioned": "true"
            },
            "expire_time": "",
            "id": "projects/oss-insights-analyst/secrets/oss_purist_prompt",
            "labels": null,
            "name": "projects/1081847295072/secrets/oss_purist_prompt",
            "project": "oss-insights-analyst",
            "replication": [
              {
                "auto": [],
                "user_managed": [
                  {
                    "replicas": [
                      {
                        "customer_managed_encryption": [],
                        "location": "us-central1"
                      }
                    ]
                  }
                ]
              }
            ],
            "rotation": [],
            "secret_id": "oss_purist_prompt",
            "terraform_labels": {
              "goog-terraform-provisioned": "true"
            },
            "timeouts": null,
            "topics": [],
            "ttl": null,
            "version_aliases": null,
            "version_destroy_ttl": ""
          },
          "sensitive_attributes": [],
          "private": "eyJlMmJmYjczMC1lY2FhLTExZTYtOGY4OC0zNDM2M2JjN2M0YzAiOnsiY3JlYXRlIjoxMjAwMDAwMDAwMDAwLCJkZWxldGUiOjEyMDAwMDAwMDAwMDAsInVwZGF0ZSI6MTIwMDAwMDAwMDAwMH19"
        },
        {
          "index_key": "tech_architect_prompt",
          "schema_version": 0,
          "attributes": {
            "annotations": null,
            "create_time": "2025-04-08T19:36:46.804020Z",
            "effective_annotations": {},
            "effective_labels": {
              "goog-terraform-provisioned": "true"
            },
            "expire_time": "",
            "id": "projects/oss-insights-analyst/secrets/tech_architect_prompt",
            "labels": null,
            "name": "projects/1081847295072/secrets/tech_architect_prompt",
            "project": "oss-insights-analyst",
            "replication": [
              {
                "auto": [],
                "user_managed": [
                  {
                    "replicas": [
                      {
                        "customer_managed_encryption": [],
                        "location": "us-central1"
                      }
                    ]
                  }
                ]
              }
            ],
            "rotation": [],
            "secret_id": "tech_architect_prompt",
            "terraform_labels": {
              "goog-terraform-provisioned": "true"
            },
            "timeouts": null,
            "topics": [],
            "ttl": null,
            "version_aliases": null,
            "version_destroy_ttl": ""
          },
          "sensitive_attributes": [],
          "private": "eyJlMmJmYjczMC1lY2FhLTExZTYtOGY4OC0zNDM2M2JjN2M0YzAiOnsiY3JlYXRlIjoxMjAwMDAwMDAwMDAwLCJkZWxldGUiOjEyMDAwMDAwMDAwMDAsInVwZGF0ZSI6MTIwMDAwMDAwMDAwMH19"
        },
        {
          "index_key": "trend_watcher_prompt",
          "schema_version": 0,
          "attributes": {
            "annotations": null,
            "create_time": "2025-04-08T19:36:46.807518Z",
            "effective_annotations": {},
            "effective_labels": {
              "goog-terraform-provisioned": "true"
            },
            "expire_time": "",
            "id": "projects/oss-insights-analyst/secrets/trend_watcher_prompt",
            "labels": null,
            "name": "projects/1081847295072/secrets/trend_watcher_prompt",
            "project": "oss-insights-analyst",
            "replication": [
              {
                "auto": [],
                "user_managed": [
                  {
                    "replicas": [
                      {
                        "customer_managed_encryption": [],
                        "location": "us-central1"
                      }
                    ]
                  }
                ]
              }
            ],
            "rotation": [],
            "secret_id": "trend_watcher_prompt",
            "terraform_labels": {
              "goog-terraform-provisioned": "true"
            },
            "timeouts": null,
            "topics": [],
            "ttl": null,
            "version_aliases": null,
            "version_destroy_ttl": ""
          },
          "sensitive_attributes": [],
          "private": "eyJlMmJmYjczMC1lY2FhLTExZTYtOGY4OC0zNDM2M2JjN2M0YzAiOnsiY3JlYXRlIjoxMjAwMDAwMDAwMDAwLCJkZWxldGUiOjEyMDAwMDAwMDAwMDAsInVwZGF0ZSI6MTIwMDAwMDAwMDAwMH19"
        },
        {
          "index_key": "vc_strategist_prompt",
          "schema_version": 0,
          "attributes": {
            "annotations": null,
            "create_time": "2025-04-08T19:36:46.809625Z",
            "effective_annotations": {},
            "effective_labels": {
              "goog-terraform-provisioned": "true"
            },
            "expire_time": "",
            "id": "projects/oss-insights-analyst/secrets/vc_strategist_prompt",
            "labels": null,
            "name": "projects/1081847295072/secrets/vc_strategist_prompt",
            "project": "oss-insights-analyst",
            "replication": [
              {
                "auto": [],
                "user_managed": [
                  {
                    "replicas": [
                      {
                        "customer_managed_encryption": [],
                        "location": "us-central1"
                      }
                    ]
                  }
                ]
              }
            ],
            "rotation": [],
            "secret_id": "vc_strategist_prompt",
            "terraform_labels": {
              "goog-terraform-provisioned": "true"
            },
            "timeouts": null,
            "topics": [],
            "ttl": null,
            "version_aliases": null,
            "version_destroy_ttl": ""
          },
          "sensitive_attributes": [],
          "private": "eyJlMmJmYjczMC1lY2FhLTExZTYtOGY4OC0zNDM2M2JjN2M0YzAiOnsiY3JlYXRlIjoxMjAwMDAwMDAwMDAwLCJkZWxldGUiOjEyMDAwMDAwMDAwMDAsInVwZGF0ZSI6MTIwMDAwMDAwMDAwMH19"
        }
      ]
    },
    {
      "mode": "managed",
      "type": "google_secret_manager_secret",
      "name": "gemini_api_key",
      "provider": "provider[\"registry.terraform.io/hashicorp/google\"]",
      "instances": [
        {
          "schema_version": 0,
          "attributes": {
            "annotations": null,
            "create_time": "2025-04-08T19:36:46.994618Z",
            "effective_annotations": {},
            "effective_labels": {
              "goog-terraform-provisioned": "true"
            },
            "expire_time": "",
            "id": "projects/oss-insights-analyst/secrets/gemini_api_key",
            "labels": null,
            "name": "projects/1081847295072/secrets/gemini_api_key",
            "project": "oss-insights-analyst",
            "replication": [
              {
                "auto": [],
                "user_managed": [
                  {
                    "replicas": [
                      {
                        "customer_managed_encryption": [],
                        "location": "us-central1"
                      }
                    ]
                  }
                ]
              }
            ],
            "rotation": [],
            "secret_id": "gemini_api_key",
            "terraform_labels": {
              "goog-terraform-provisioned": "true"
            },
            "timeouts": null,
            "topics": [],
            "ttl": null,
            "version_aliases": null,
            "version_destroy_ttl": ""
          },
          "sensitive_attributes": [],
          "private": "eyJlMmJmYjczMC1lY2FhLTExZTYtOGY4OC0zNDM2M2JjN2M0YzAiOnsiY3JlYXRlIjoxMjAwMDAwMDAwMDAwLCJkZWxldGUiOjEyMDAwMDAwMDAwMDAsInVwZGF0ZSI6MTIwMDAwMDAwMDAwMH19"
        }
      ]
    }
  ],
  "check_results": null
}
